
Microsoft Visual Studio Solution File, Format Version 12.00
# Visual Studio 14
VisualStudioVersion = 14.0.23107.0
MinimumVisualStudioVersion = 10.0.40219.1
Project("{F184B08F-C81C-45F6-A57F-5ABD9991F28F}") = "Hastane 613", "Hastane 613\Hastane 613.vbproj", "{51D71019-004A-4E37-B19A-615CCA9F0073}"
EndProject
Global
	GlobalSection(SolutionConfigurationPlatforms) = preSolution
		Debug|Any CPU = Debug|Any CPU
		Release|Any CPU = Release|Any CPU
	EndGlobalSection
	GlobalSection(ProjectConfigurationPlatforms) = postSolution
		{51D71019-004A-4E37-B19A-615CCA9F0073}.Debug|Any CPU.ActiveCfg = Debug|Any CPU
		{51D71019-004A-4E37-B19A-615CCA9F0073}.Debug|Any CPU.Build.0 = Debug|Any CPU
		{51D71019-004A-4E37-B19A-615CCA9F0073}.Release|Any CPU.ActiveCfg = Release|Any CPU
		{51D71019-004A-4E37-B19A-615CCA9F0073}.Release|Any CPU.Build.0 = Release|Any CPU
	EndGlobalSection
	GlobalSection(SolutionProperties) = preSolution
		HideSolutionNode = FALSE
	EndGlobalSection
EndGlobal
